{
  "name": "mapbox-p",
  "version": "1.0.0",
  "lockfileVersion": 1,
  "requires": true,
  "dependencies": {
    "@babel/runtime": {
      "version": "7.16.7",
      "resolved": "https://registry.npmjs.org/@babel/runtime/-/runtime-7.16.7.tgz",
      "integrity": "sha512-9E9FJowqAsytyOY6LG+1KuueckRL+aQW+mKvXRXnuFGyRAyepJPmEo9vgMfXUA6O9u3IeEdv9MAkppFcaQwogQ==",
      "requires": {
        "regenerator-runtime": "^0.13.4"
      }
    },
    "@deck.gl/core": {
      "version": "8.6.7",
      "resolved": "https://registry.npmjs.org/@deck.gl/core/-/core-8.6.7.tgz",
      "integrity": "sha512-QaIbyi4PlbJsKQMrSlbwbMjXJKFFRzkx5HGy3aSpDBQxMtj7zp3BHlZ3V7bAMatG9zq/ZMqDLgAMia0dcv1BJA==",
      "requires": {
        "@loaders.gl/core": "^3.1.5",
        "@loaders.gl/images": "^3.1.5",
        "@luma.gl/core": "^8.5.10",
        "@math.gl/web-mercator": "^3.5.6",
        "gl-matrix": "^3.0.0",
        "math.gl": "^3.5.4",
        "mjolnir.js": "^2.5.0",
        "probe.gl": "^3.4.0"
      }
    },
    "@deck.gl/geo-layers": {
      "version": "8.6.7",
      "resolved": "https://registry.npmjs.org/@deck.gl/geo-layers/-/geo-layers-8.6.7.tgz",
      "integrity": "sha512-ZNOwlj1O0FGZ+P9EOk1l0to+cYj3Nl4G8SjnH3c//zyOv+hlL2+zhjcic8TjaQhe7pK/nV0IxfX/eFsQzMcvFg==",
      "requires": {
        "@loaders.gl/3d-tiles": "^3.1.5",
        "@loaders.gl/gis": "^3.1.5",
        "@loaders.gl/loader-utils": "^3.1.5",
        "@loaders.gl/mvt": "^3.1.5",
        "@loaders.gl/terrain": "^3.1.5",
        "@loaders.gl/tiles": "^3.1.5",
        "@luma.gl/experimental": "^8.5.10",
        "@math.gl/culling": "^3.5.6",
        "@math.gl/web-mercator": "^3.5.6",
        "h3-js": "^3.6.0",
        "long": "^3.2.0",
        "math.gl": "^3.5.6"
      }
    },
    "@deck.gl/layers": {
      "version": "8.6.7",
      "resolved": "https://registry.npmjs.org/@deck.gl/layers/-/layers-8.6.7.tgz",
      "integrity": "sha512-UJSfWi/bE51uttb9MAUwUC4dCx7MADhwgZktS/p7e6COEX/4fUCEY9++jca7gSutdBEmBPIwmsII36OEn2kPQA==",
      "requires": {
        "@loaders.gl/images": "^3.1.5",
        "@mapbox/tiny-sdf": "^1.1.0",
        "@math.gl/polygon": "^3.5.6",
        "earcut": "^2.0.6"
      }
    },
    "@deck.gl/mesh-layers": {
      "version": "8.6.7",
      "resolved": "https://registry.npmjs.org/@deck.gl/mesh-layers/-/mesh-layers-8.6.7.tgz",
      "integrity": "sha512-Vt67l1K+zkBkL4YwmKl9edQMISGffTbd+6b9g0HAfYJB2c6ga+kBrLablgOC7/eksvZShbApNuq32xmtK35lhg==",
      "requires": {
        "@loaders.gl/gltf": "^3.1.5",
        "@luma.gl/experimental": "^8.5.10",
        "@luma.gl/shadertools": "^8.5.10"
      }
    },
    "@loaders.gl/3d-tiles": {
      "version": "3.1.7",
      "resolved": "https://registry.npmjs.org/@loaders.gl/3d-tiles/-/3d-tiles-3.1.7.tgz",
      "integrity": "sha512-cogL/V82TFNtjjCtFh+C+jqBYdpcepL05o2p0uChQBdOZzCZUmUsqig4N/T3NywOwsmlJcDcvfTC6CtUzHcDtg==",
      "requires": {
        "@loaders.gl/draco": "3.1.7",
        "@loaders.gl/gltf": "3.1.7",
        "@loaders.gl/loader-utils": "3.1.7",
        "@loaders.gl/math": "3.1.7",
        "@loaders.gl/tiles": "3.1.7",
        "@math.gl/core": "^3.5.1",
        "@math.gl/geospatial": "^3.5.1"
      }
    },
    "@loaders.gl/core": {
      "version": "3.1.7",
      "resolved": "https://registry.npmjs.org/@loaders.gl/core/-/core-3.1.7.tgz",
      "integrity": "sha512-mJRAIFZB1PBQ6ed7RhIIL9Sr7RDHwbof//5W2wVz1xyiMwyDMyIN41PNGX06oYwZMEnN2cel8HLpexr5kShH7A==",
      "requires": {
        "@babel/runtime": "^7.3.1",
        "@loaders.gl/loader-utils": "3.1.7",
        "@loaders.gl/worker-utils": "3.1.7",
        "@probe.gl/log": "^3.5.0",
        "probe.gl": "^3.4.0"
      }
    },
    "@loaders.gl/draco": {
      "version": "3.1.7",
      "resolved": "https://registry.npmjs.org/@loaders.gl/draco/-/draco-3.1.7.tgz",
      "integrity": "sha512-FAKSGJgwlVYelX2Wx2JJDuWBbfsw/r3z7ZKg5PTOM+6LMkI+ffIBBP/rt/kF19Fy+dmBhG9HmV5SGfSFVKfFIA==",
      "requires": {
        "@babel/runtime": "^7.3.1",
        "@loaders.gl/loader-utils": "3.1.7",
        "@loaders.gl/schema": "3.1.7",
        "@loaders.gl/worker-utils": "3.1.7",
        "draco3d": "1.4.1"
      }
    },
    "@loaders.gl/gis": {
      "version": "3.1.7",
      "resolved": "https://registry.npmjs.org/@loaders.gl/gis/-/gis-3.1.7.tgz",
      "integrity": "sha512-CmGK4tNAsKKbJEQ9sjwLPKqvyzEZmjMm1YAJ9vWwIo72Bzt+/VhniwkrpgDYTTfiXe2uhMa1tfJRU4w1/7wP5A==",
      "requires": {
        "@loaders.gl/loader-utils": "3.1.7",
        "@loaders.gl/schema": "3.1.7",
        "@mapbox/vector-tile": "^1.3.1",
        "@math.gl/polygon": "^3.5.1",
        "pbf": "^3.2.1"
      }
    },
    "@loaders.gl/gltf": {
      "version": "3.1.7",
      "resolved": "https://registry.npmjs.org/@loaders.gl/gltf/-/gltf-3.1.7.tgz",
      "integrity": "sha512-GoDHgPCoIaO9SXqCiHlweotjt7qi3uxXoFQKsi/snDNMJVMXZqgCkdAHqa5+7ZaAtasak7E8RRabCjKqOvBGZA==",
      "requires": {
        "@loaders.gl/draco": "3.1.7",
        "@loaders.gl/images": "3.1.7",
        "@loaders.gl/loader-utils": "3.1.7",
        "@loaders.gl/textures": "3.1.7"
      }
    },
    "@loaders.gl/images": {
      "version": "3.1.7",
      "resolved": "https://registry.npmjs.org/@loaders.gl/images/-/images-3.1.7.tgz",
      "integrity": "sha512-sXpPSKRnLf8KsIUZfXsLXgMXva2jle9ppxiiH2EH8J0wc4Z9nl0D+3MVkc+RuKLWZHZMhjjHdxLDNMM26Xm3LQ==",
      "requires": {
        "@loaders.gl/loader-utils": "3.1.7"
      }
    },
    "@loaders.gl/loader-utils": {
      "version": "3.1.7",
      "resolved": "https://registry.npmjs.org/@loaders.gl/loader-utils/-/loader-utils-3.1.7.tgz",
      "integrity": "sha512-bovBX/RUakwh/R51eRzVIFMgr/FcSyf02Guaouz+OXgNl0ngzu8i+B5lFDVUoYG6rhfmuMIDcpiEdgnPTXtU4A==",
      "requires": {
        "@babel/runtime": "^7.3.1",
        "@loaders.gl/worker-utils": "3.1.7",
        "@probe.gl/stats": "^3.5.0"
      }
    },
    "@loaders.gl/math": {
      "version": "3.1.7",
      "resolved": "https://registry.npmjs.org/@loaders.gl/math/-/math-3.1.7.tgz",
      "integrity": "sha512-nevgooLEG+Y8WwlgkUBP65WhuQd+PU1e6WUZIoOxjfOJu0BSPCF+Faw4vVrSmM5wwvqvtClymWF5T5HvGZOXwA==",
      "requires": {
        "@loaders.gl/images": "3.1.7",
        "@loaders.gl/loader-utils": "3.1.7",
        "@math.gl/core": "^3.5.1"
      }
    },
    "@loaders.gl/mvt": {
      "version": "3.1.7",
      "resolved": "https://registry.npmjs.org/@loaders.gl/mvt/-/mvt-3.1.7.tgz",
      "integrity": "sha512-WtmSi3pf4y6Ea4NrefPv99/r3xHjjvP/KdazhWVfZnY7IGLbYZoGkIbRcJn7DgUOjbqKxcy7yZ0SvlXdlS4YyQ==",
      "requires": {
        "@loaders.gl/gis": "3.1.7",
        "@loaders.gl/loader-utils": "3.1.7",
        "@loaders.gl/schema": "3.1.7",
        "@math.gl/polygon": "^3.5.1",
        "pbf": "^3.2.1"
      }
    },
    "@loaders.gl/schema": {
      "version": "3.1.7",
      "resolved": "https://registry.npmjs.org/@loaders.gl/schema/-/schema-3.1.7.tgz",
      "integrity": "sha512-BSMvXQGHzyB/dHMxwgriII1bXR4nSSHh+vljnyyGTeiprg5OZ7SylyDYtwsZ5T4e4EBzF1St+NrTQ+sm95M0mw==",
      "requires": {
        "@types/geojson": "^7946.0.7"
      }
    },
    "@loaders.gl/terrain": {
      "version": "3.1.7",
      "resolved": "https://registry.npmjs.org/@loaders.gl/terrain/-/terrain-3.1.7.tgz",
      "integrity": "sha512-YrlLtbdQ26xy6WBvE8xchXIpZPM2vSYhgKMnPe8mC2lRaOFcimamCnfhrsE+klw2baM1LEH5hj1svAwrHcbZIQ==",
      "requires": {
        "@babel/runtime": "^7.3.1",
        "@loaders.gl/loader-utils": "3.1.7",
        "@loaders.gl/schema": "3.1.7",
        "@mapbox/martini": "^0.2.0"
      }
    },
    "@loaders.gl/textures": {
      "version": "3.1.7",
      "resolved": "https://registry.npmjs.org/@loaders.gl/textures/-/textures-3.1.7.tgz",
      "integrity": "sha512-l05IInvFoROcu0tTcVGJ8ZUSH95gqO1SIcrQIcfSc8vwnGqudHD8yrOFaL/ZtUs3Qx6HOX8ZP03v5m/eZ1Jiqw==",
      "requires": {
        "@loaders.gl/images": "3.1.7",
        "@loaders.gl/loader-utils": "3.1.7",
        "@loaders.gl/worker-utils": "3.1.7",
        "ktx-parse": "^0.0.4",
        "texture-compressor": "^1.0.2"
      }
    },
    "@loaders.gl/tiles": {
      "version": "3.1.7",
      "resolved": "https://registry.npmjs.org/@loaders.gl/tiles/-/tiles-3.1.7.tgz",
      "integrity": "sha512-TBantuL8gq3+EJeYIWSMUY6zHWK8Y9IEuiReIK8UjVZbf6rVRl9edX/zkfoGSZqBY7x53eUMMMKKOCfO1WKYrQ==",
      "requires": {
        "@loaders.gl/loader-utils": "3.1.7",
        "@loaders.gl/math": "3.1.7",
        "@math.gl/core": "^3.5.1",
        "@math.gl/culling": "^3.5.1",
        "@math.gl/geospatial": "^3.5.1",
        "@math.gl/web-mercator": "^3.5.1",
        "@probe.gl/stats": "^3.5.0"
      }
    },
    "@loaders.gl/worker-utils": {
      "version": "3.1.7",
      "resolved": "https://registry.npmjs.org/@loaders.gl/worker-utils/-/worker-utils-3.1.7.tgz",
      "integrity": "sha512-OkE2xg/CrEAD0Vl59UGerL5D4n3bcafNpNO7nTebq9HRxmbCp0ngt/nyiHDsrHcovAdK/cNWWFtknoaZHQX3Tg==",
      "requires": {
        "@babel/runtime": "^7.3.1"
      }
    },
    "@luma.gl/constants": {
      "version": "8.5.10",
      "resolved": "https://registry.npmjs.org/@luma.gl/constants/-/constants-8.5.10.tgz",
      "integrity": "sha512-0OZnNbb8hF+ogr/Exr5KFEnSMQdCgjrbO2ZYeNIGO0UVMTu4oTSLfRcBxKUs1NzxG5RogyV8dL6ETQbkP5VAZw=="
    },
    "@luma.gl/core": {
      "version": "8.5.10",
      "resolved": "https://registry.npmjs.org/@luma.gl/core/-/core-8.5.10.tgz",
      "integrity": "sha512-NzzMnSgzPta3gMu8vSM/kWiY09HypHRXt4zw/xFX4geLeX4iXm7Jnm+eeaNpc/QH/yJ51+4bpvZml0P5NIukfQ==",
      "requires": {
        "@babel/runtime": "^7.0.0",
        "@luma.gl/constants": "8.5.10",
        "@luma.gl/engine": "8.5.10",
        "@luma.gl/gltools": "8.5.10",
        "@luma.gl/shadertools": "8.5.10",
        "@luma.gl/webgl": "8.5.10"
      }
    },
    "@luma.gl/engine": {
      "version": "8.5.10",
      "resolved": "https://registry.npmjs.org/@luma.gl/engine/-/engine-8.5.10.tgz",
      "integrity": "sha512-W3cPlabMl1g6dfAio4yGD9GohoMULXqsBm9P9WOh0KypQBw5pFlE2C/njY43YhfvnpMPDMUjjraYrEXa1fhaig==",
      "requires": {
        "@babel/runtime": "^7.0.0",
        "@luma.gl/constants": "8.5.10",
        "@luma.gl/gltools": "8.5.10",
        "@luma.gl/shadertools": "8.5.10",
        "@luma.gl/webgl": "8.5.10",
        "@math.gl/core": "^3.5.0",
        "probe.gl": "^3.4.0"
      }
    },
    "@luma.gl/experimental": {
      "version": "8.5.10",
      "resolved": "https://registry.npmjs.org/@luma.gl/experimental/-/experimental-8.5.10.tgz",
      "integrity": "sha512-1Ldq2DEor9qWHoRetcAz4BID1pwp+5x67F2mfe2UtjEpDY0Modi7t8C94PR8cviyjRIu3DErxX7o8HxJ4JXxpQ==",
      "requires": {
        "@luma.gl/constants": "8.5.10",
        "@math.gl/core": "^3.5.0",
        "earcut": "^2.0.6"
      }
    },
    "@luma.gl/gltools": {
      "version": "8.5.10",
      "resolved": "https://registry.npmjs.org/@luma.gl/gltools/-/gltools-8.5.10.tgz",
      "integrity": "sha512-XQFocLXvSYfkW2xL1I50nYrPwgyt1jvmzmood3RQBQMiBcgU1JFW2w4tU+V/C5QXcAWWVzm8aIBkuQsCo34zrQ==",
      "requires": {
        "@babel/runtime": "^7.0.0",
        "@luma.gl/constants": "8.5.10",
        "probe.gl": "^3.4.0"
      }
    },
    "@luma.gl/shadertools": {
      "version": "8.5.10",
      "resolved": "https://registry.npmjs.org/@luma.gl/shadertools/-/shadertools-8.5.10.tgz",
      "integrity": "sha512-Va/e7fHFI7ZWu03obtNlXN7noIUF1u9U3Pm6PVqeVi3Z24yWl/pFbb5/O1gn66LQZF6fpwoLGN7m4NGk2YyHyA==",
      "requires": {
        "@babel/runtime": "^7.0.0",
        "@math.gl/core": "^3.5.0"
      }
    },
    "@luma.gl/webgl": {
      "version": "8.5.10",
      "resolved": "https://registry.npmjs.org/@luma.gl/webgl/-/webgl-8.5.10.tgz",
      "integrity": "sha512-8cCJ6aoKmVKvrYoPC6G1jHqMsfTGyn50YMmRkrk2Q79nBe531LZr+6EYXlqx2+AR9obKwTnhTPlxjKg5gR4rYg==",
      "requires": {
        "@babel/runtime": "^7.0.0",
        "@luma.gl/constants": "8.5.10",
        "@luma.gl/gltools": "8.5.10",
        "probe.gl": "^3.4.0"
      }
    },
    "@mapbox/martini": {
      "version": "0.2.0",
      "resolved": "https://registry.npmjs.org/@mapbox/martini/-/martini-0.2.0.tgz",
      "integrity": "sha512-7hFhtkb0KTLEls+TRw/rWayq5EeHtTaErgm/NskVoXmtgAQu/9D299aeyj6mzAR/6XUnYRp2lU+4IcrYRFjVsQ=="
    },
    "@mapbox/point-geometry": {
      "version": "0.1.0",
      "resolved": "https://registry.npmjs.org/@mapbox/point-geometry/-/point-geometry-0.1.0.tgz",
      "integrity": "sha1-ioP5M1x4YO/6Lu7KJUMyqgru2PI="
    },
    "@mapbox/tiny-sdf": {
      "version": "1.2.5",
      "resolved": "https://registry.npmjs.org/@mapbox/tiny-sdf/-/tiny-sdf-1.2.5.tgz",
      "integrity": "sha512-cD8A/zJlm6fdJOk6DqPUV8mcpyJkRz2x2R+/fYcWDYG3oWbG7/L7Yl/WqQ1VZCjnL9OTIMAn6c+BC5Eru4sQEw=="
    },
    "@mapbox/vector-tile": {
      "version": "1.3.1",
      "resolved": "https://registry.npmjs.org/@mapbox/vector-tile/-/vector-tile-1.3.1.tgz",
      "integrity": "sha512-MCEddb8u44/xfQ3oD+Srl/tNcQoqTw3goGk2oLsrFxOTc3dUp+kAnby3PvAeeBYSMSjSPD1nd1AJA6W49WnoUw==",
      "requires": {
        "@mapbox/point-geometry": "~0.1.0"
      }
    },
    "@math.gl/core": {
      "version": "3.5.7",
      "resolved": "https://registry.npmjs.org/@math.gl/core/-/core-3.5.7.tgz",
      "integrity": "sha512-EtMS3Nzv//nc6gAVcmvVsZAkf8+sVNruPcWEaBh95h82T7GroMLLf1WBgOhtOBOvCh6vInxjcYDsJOn7RY5oqg==",
      "requires": {
        "@babel/runtime": "^7.12.0",
        "gl-matrix": "~3.3.0"
      },
      "dependencies": {
        "gl-matrix": {
          "version": "3.3.0",
          "resolved": "https://registry.npmjs.org/gl-matrix/-/gl-matrix-3.3.0.tgz",
          "integrity": "sha512-COb7LDz+SXaHtl/h4LeaFcNdJdAQSDeVqjiIihSXNrkWObZLhDI4hIkZC11Aeqp7bcE72clzB0BnDXr2SmslRA=="
        }
      }
    },
    "@math.gl/culling": {
      "version": "3.5.7",
      "resolved": "https://registry.npmjs.org/@math.gl/culling/-/culling-3.5.7.tgz",
      "integrity": "sha512-wQlcnT05/u2ByHX8xjjo2pQUE8O2zghpBL19S1Rzzn3Zloj1eL5okIXecTnQCGghpt5lSP1I4W91x7PhV7YU7Q==",
      "requires": {
        "@babel/runtime": "^7.12.0",
        "@math.gl/core": "3.5.7",
        "gl-matrix": "~3.3.0"
      },
      "dependencies": {
        "gl-matrix": {
          "version": "3.3.0",
          "resolved": "https://registry.npmjs.org/gl-matrix/-/gl-matrix-3.3.0.tgz",
          "integrity": "sha512-COb7LDz+SXaHtl/h4LeaFcNdJdAQSDeVqjiIihSXNrkWObZLhDI4hIkZC11Aeqp7bcE72clzB0BnDXr2SmslRA=="
        }
      }
    },
    "@math.gl/geospatial": {
      "version": "3.5.7",
      "resolved": "https://registry.npmjs.org/@math.gl/geospatial/-/geospatial-3.5.7.tgz",
      "integrity": "sha512-q0h2YAppH12M6mIYPyB1FPfxYCD+vGwt8IcFZB3KN0bisg+Yuzgv00cq9jhxPgaVRrtBCOa1J4gJfM+5B9gxmw==",
      "requires": {
        "@babel/runtime": "^7.12.0",
        "@math.gl/core": "3.5.7",
        "gl-matrix": "~3.3.0"
      },
      "dependencies": {
        "gl-matrix": {
          "version": "3.3.0",
          "resolved": "https://registry.npmjs.org/gl-matrix/-/gl-matrix-3.3.0.tgz",
          "integrity": "sha512-COb7LDz+SXaHtl/h4LeaFcNdJdAQSDeVqjiIihSXNrkWObZLhDI4hIkZC11Aeqp7bcE72clzB0BnDXr2SmslRA=="
        }
      }
    },
    "@math.gl/polygon": {
      "version": "3.5.7",
      "resolved": "https://registry.npmjs.org/@math.gl/polygon/-/polygon-3.5.7.tgz",
      "integrity": "sha512-fTi9Vfs7+LQ5Cn5ABSp0i+rfRec2fFuPhUE+Xpvg3dELQP+YMSw7FeR5SvUBgt3UY86qLmrkmxz3WwffcJA/eg==",
      "requires": {
        "@math.gl/core": "3.5.7"
      }
    },
    "@math.gl/web-mercator": {
      "version": "3.5.7",
      "resolved": "https://registry.npmjs.org/@math.gl/web-mercator/-/web-mercator-3.5.7.tgz",
      "integrity": "sha512-i0w6AcV2b5+yeUQOA/KdnnzTYMUZvEKzHbbxI+ZyCuFs3p9S/IUt/EWVw4KGGOjVbf3UrGFlWSM70Th+0KyrsA==",
      "requires": {
        "@babel/runtime": "^7.12.0",
        "gl-matrix": "~3.3.0"
      },
      "dependencies": {
        "gl-matrix": {
          "version": "3.3.0",
          "resolved": "https://registry.npmjs.org/gl-matrix/-/gl-matrix-3.3.0.tgz",
          "integrity": "sha512-COb7LDz+SXaHtl/h4LeaFcNdJdAQSDeVqjiIihSXNrkWObZLhDI4hIkZC11Aeqp7bcE72clzB0BnDXr2SmslRA=="
        }
      }
    },
    "@probe.gl/env": {
      "version": "3.5.0",
      "resolved": "https://registry.npmjs.org/@probe.gl/env/-/env-3.5.0.tgz",
      "integrity": "sha512-YdlpZZshhyYxvWDBmZ5RIW2pTR14Pw4p9czMlt/v7F6HbFzWfAdmH7q6xVwFRYxUpQLwhWensWyv4aFysiWl4g==",
      "requires": {
        "@babel/runtime": "^7.0.0"
      }
    },
    "@probe.gl/log": {
      "version": "3.5.0",
      "resolved": "https://registry.npmjs.org/@probe.gl/log/-/log-3.5.0.tgz",
      "integrity": "sha512-nW/qz2X1xY08WU/TsmJP6/6IPNcaY5fS/vLjpC4ahJuE2Mezga4hGM/R2X5JWE/nkPc+BsC5GnAnD13rwAxS7g==",
      "requires": {
        "@babel/runtime": "^7.0.0",
        "@probe.gl/env": "3.5.0"
      }
    },
    "@probe.gl/stats": {
      "version": "3.5.0",
      "resolved": "https://registry.npmjs.org/@probe.gl/stats/-/stats-3.5.0.tgz",
      "integrity": "sha512-IH2M+F3c8HR1DTroBARePUFG7wIewumtKA0UFqx51Z7S4hKrD60wFbpMmg0AcF4FvHAXMBoC+kYi1UKW9XbAOw==",
      "requires": {
        "@babel/runtime": "^7.0.0"
      }
    },
    "@types/geojson": {
      "version": "7946.0.8",
      "resolved": "https://registry.npmjs.org/@types/geojson/-/geojson-7946.0.8.tgz",
      "integrity": "sha512-1rkryxURpr6aWP7R786/UQOkJ3PcpQiWkAXBmdWc7ryFWqN6a4xfK7BtjXvFBKO9LjQ+MWQSWxYeZX1OApnArA=="
    },
    "argparse": {
      "version": "1.0.10",
      "resolved": "https://registry.npmjs.org/argparse/-/argparse-1.0.10.tgz",
      "integrity": "sha512-o5Roy6tNG4SL/FOkCAN6RzjiakZS25RLYFrcMttJqbdd8BWrnA+fGz57iN5Pb06pvBGvl5gQ0B48dJlslXvoTg==",
      "requires": {
        "sprintf-js": "~1.0.2"
      }
    },
    "draco3d": {
      "version": "1.4.1",
      "resolved": "https://registry.npmjs.org/draco3d/-/draco3d-1.4.1.tgz",
      "integrity": "sha512-9Rxonc70xiovBC+Bq1h57SNZIHzWTibU1VfIGp5z3Xx8dPtv4yT5uGhiH7P5uvJRR2jkrvHafRxR7bTANkvfpg=="
    },
    "earcut": {
      "version": "2.2.3",
      "resolved": "https://registry.npmjs.org/earcut/-/earcut-2.2.3.tgz",
      "integrity": "sha512-iRDI1QeCQIhMCZk48DRDMVgQSSBDmbzzNhnxIo+pwx3swkfjMh6vh0nWLq1NdvGHLKH6wIrAM3vQWeTj6qeoug=="
    },
    "gl-matrix": {
      "version": "3.4.3",
      "resolved": "https://registry.npmjs.org/gl-matrix/-/gl-matrix-3.4.3.tgz",
      "integrity": "sha512-wcCp8vu8FT22BnvKVPjXa/ICBWRq/zjFfdofZy1WSpQZpphblv12/bOQLBC1rMM7SGOFS9ltVmKOHil5+Ml7gA=="
    },
    "h3-js": {
      "version": "3.7.2",
      "resolved": "https://registry.npmjs.org/h3-js/-/h3-js-3.7.2.tgz",
      "integrity": "sha512-LPjlHSwB9zQZrMqKloCZmmmt3yZzIK7nqPcXqwU93zT3TtYG6jP4tZBzAPouxut7lLjdFbMQ75wRBiKfpsnY7w=="
    },
    "hammerjs": {
      "version": "2.0.8",
      "resolved": "https://registry.npmjs.org/hammerjs/-/hammerjs-2.0.8.tgz",
      "integrity": "sha1-BO93hiz/K7edMPdpIJWTAiK/YPE="
    },
    "ieee754": {
      "version": "1.2.1",
      "resolved": "https://registry.npmjs.org/ieee754/-/ieee754-1.2.1.tgz",
      "integrity": "sha512-dcyqhDvX1C46lXZcVqCpK+FtMRQVdIMN6/Df5js2zouUsqG7I6sFxitIC+7KYK29KdXOLHdu9zL4sFnoVQnqaA=="
    },
    "image-size": {
      "version": "0.7.5",
      "resolved": "https://registry.npmjs.org/image-size/-/image-size-0.7.5.tgz",
      "integrity": "sha512-Hiyv+mXHfFEP7LzUL/llg9RwFxxY+o9N3JVLIeG5E7iFIFAalxvRU9UZthBdYDEVnzHMgjnKJPPpay5BWf1g9g=="
    },
    "ktx-parse": {
      "version": "0.0.4",
      "resolved": "https://registry.npmjs.org/ktx-parse/-/ktx-parse-0.0.4.tgz",
      "integrity": "sha512-LY3nrmfXl+wZZdPxgJ3ZmLvG+wkOZZP3/dr4RbQj1Pk3Qwz44esOOSFFVQJcNWpXAtiNIC66WgXufX/SYgYz6A=="
    },
    "long": {
      "version": "3.2.0",
      "resolved": "https://registry.npmjs.org/long/-/long-3.2.0.tgz",
      "integrity": "sha1-2CG3E4yhy1gcFymQ7xTbIAtcR0s="
    },
    "math.gl": {
      "version": "3.5.7",
      "resolved": "https://registry.npmjs.org/math.gl/-/math.gl-3.5.7.tgz",
      "integrity": "sha512-WS633GusobHd5L7+4aiMVRZL3MYQk59futWsKvEvSEtrd5UnBa+y6xMpgn0VGlYmr7VXYqmvcRh/PnfMPN2tpw==",
      "requires": {
        "@math.gl/core": "3.5.7"
      }
    },
    "mjolnir.js": {
      "version": "2.6.0",
      "resolved": "https://registry.npmjs.org/mjolnir.js/-/mjolnir.js-2.6.0.tgz",
      "integrity": "sha512-rGA7+BJKvXI0ypxQD/+rQE/sW26kmc8UIZWhmQrjhwCf/zvhbcBlsu2vPB6w0Kv/rVnVFEONTSQqC0vFEpQvIA==",
      "requires": {
        "@babel/runtime": "^7.0.0",
        "hammerjs": "^2.0.8"
      }
    },
    "pbf": {
      "version": "3.2.1",
      "resolved": "https://registry.npmjs.org/pbf/-/pbf-3.2.1.tgz",
      "integrity": "sha512-ClrV7pNOn7rtmoQVF4TS1vyU0WhYRnP92fzbfF75jAIwpnzdJXf8iTd4CMEqO4yUenH6NDqLiwjqlh6QgZzgLQ==",
      "requires": {
        "ieee754": "^1.1.12",
        "resolve-protobuf-schema": "^2.1.0"
      }
    },
    "probe.gl": {
      "version": "3.5.0",
      "resolved": "https://registry.npmjs.org/probe.gl/-/probe.gl-3.5.0.tgz",
      "integrity": "sha512-KWj8u0PNytr/rVwcQFcN7O8SK7n/ITOsUZ91l4fSX95oHhKvVCI7eadrzFUzFRlXkFfBWpMWZXFHITsHHHUctw==",
      "requires": {
        "@babel/runtime": "^7.0.0",
        "@probe.gl/env": "3.5.0",
        "@probe.gl/log": "3.5.0",
        "@probe.gl/stats": "3.5.0"
      }
    },
    "protocol-buffers-schema": {
      "version": "3.6.0",
      "resolved": "https://registry.npmjs.org/protocol-buffers-schema/-/protocol-buffers-schema-3.6.0.tgz",
      "integrity": "sha512-TdDRD+/QNdrCGCE7v8340QyuXd4kIWIgapsE2+n/SaGiSSbomYl4TjHlvIoCWRpE7wFt02EpB35VVA2ImcBVqw=="
    },
    "regenerator-runtime": {
      "version": "0.13.9",
      "resolved": "https://registry.npmjs.org/regenerator-runtime/-/regenerator-runtime-0.13.9.tgz",
      "integrity": "sha512-p3VT+cOEgxFsRRA9X4lkI1E+k2/CtnKtU4gcxyaCUreilL/vqI6CdZ3wxVUx3UOUg+gnUOQQcRI7BmSI656MYA=="
    },
    "resolve-protobuf-schema": {
      "version": "2.1.0",
      "resolved": "https://registry.npmjs.org/resolve-protobuf-schema/-/resolve-protobuf-schema-2.1.0.tgz",
      "integrity": "sha512-kI5ffTiZWmJaS/huM8wZfEMer1eRd7oJQhDuxeCLe3t7N7mX3z94CN0xPxBQxFYQTSNz9T0i+v6inKqSdK8xrQ==",
      "requires": {
        "protocol-buffers-schema": "^3.3.1"
      }
    },
    "sprintf-js": {
      "version": "1.0.3",
      "resolved": "https://registry.npmjs.org/sprintf-js/-/sprintf-js-1.0.3.tgz",
      "integrity": "sha1-BOaSb2YolTVPPdAVIDYzuFcpfiw="
    },
    "texture-compressor": {
      "version": "1.0.2",
      "resolved": "https://registry.npmjs.org/texture-compressor/-/texture-compressor-1.0.2.tgz",
      "integrity": "sha512-dStVgoaQ11mA5htJ+RzZ51ZxIZqNOgWKAIvtjLrW1AliQQLCmrDqNzQZ8Jh91YealQ95DXt4MEduLzJmbs6lig==",
      "requires": {
        "argparse": "^1.0.10",
        "image-size": "^0.7.4"
      }
    }
  }
}
